
Microsoft Visual Studio Solution File, Format Version 12.00
# Visual Studio Version 17
VisualStudioVersion = 17.5.33627.172
MinimumVisualStudioVersion = 10.0.40219.1
Project("{FAE04EC0-301F-11D3-BF4B-00C04F79EFBC}") = "backend2", "backend2.csproj", "{4E27993F-5C5A-45AB-AEDD-FC87293F1DCB}"
EndProject
Global
	GlobalSection(SolutionConfigurationPlatforms) = preSolution
		Debug|Any CPU = Debug|Any CPU
		Release|Any CPU = Release|Any CPU
	EndGlobalSection
	GlobalSection(ProjectConfigurationPlatforms) = postSolution
		{4E27993F-5C5A-45AB-AEDD-FC87293F1DCB}.Debug|Any CPU.ActiveCfg = Debug|Any CPU
		{4E27993F-5C5A-45AB-AEDD-FC87293F1DCB}.Debug|Any CPU.Build.0 = Debug|Any CPU
		{4E27993F-5C5A-45AB-AEDD-FC87293F1DCB}.Release|Any CPU.ActiveCfg = Release|Any CPU
		{4E27993F-5C5A-45AB-AEDD-FC87293F1DCB}.Release|Any CPU.Build.0 = Release|Any CPU
	EndGlobalSection
	GlobalSection(SolutionProperties) = preSolution
		HideSolutionNode = FALSE
	EndGlobalSection
	GlobalSection(ExtensibilityGlobals) = postSolution
		SolutionGuid = {0929C2EE-18E8-485B-BA4A-27A4FBFE7C67}
	EndGlobalSection
EndGlobal
